# THIS IS AN AUTOGENERATED FILE. DO NOT EDIT THIS FILE DIRECTLY.
# yarn lockfile v1


ramda-adjunct@^2.26.0:
  version "2.26.0"
  resolved "https://registry.yarnpkg.com/ramda-adjunct/-/ramda-adjunct-2.26.0.tgz#c74d75afdc0b70c89356b814d85138602f0e3a9c"
  integrity sha512-E0gVB89iY36X0sNHq0MUhLRzAh0YrKHA0cBKCZma4n1+Y672KrOREXpef89ayW7YhREbb6enMfSBXrkjPt9thA==
