# IF THERE'S A GIT CONFLICT IN THIS FILE, DON'T SOLVE IT MANUALLY!
# INSTEAD EXECUTE `prisma migrate fix`
# Prisma Migrate lockfile v1
# Read more about conflict resolution here: TODO

20200508164714-init
20200508221019-rename-field-to-field
20200509224049-add-appointment-fields
20200509225810-add-value-to-appointement-field