# Prisma Migrate lockfile v1

20200518072712-init
20200518073540-updated-appointment-schema
20200518080023-rename-occured-to-done
20200528002001-file-table
20200528093650-change-path-to-url
20200529092228-add-clinic-model
20200529093722-add-logo-to-clinic
20200529164515-add-organization-id-to-user
20200529184642-set-default-value-for-clinic
20200529195745-add-phoneno-to-clinic
20200529200310-set-default-value
20200530085617
20200530085706-add-working-hours
20200626001614-set-orgainzation-id-for-patients-and-clinic-id-for-appointment
20200626005201-many-to-many-users-clinics
20200626005719-add-name-to-clinic
20200626010554-remove-clinic-id-from-user
20200626151259-add-guradian-name
20200709034636-snippets
20200709035855-set-snippet-title-unique
20200711074156-add-labs
20200711075029-fix-patient-typo
20200711091307-add-uniqueness-to-patientlab
20200711092640-fix-typos
20200714042419-medical-and-family-history
20200714044941-fix-typo
20200714052103-add-patient-id-to-history
20200715043642-add-expense
20200715043951-add-invoiceno
20200715045535-fix-realtionship-for-expense
20200715054207-add-expenses
20200715055604-set-appointment-clinic-reference
20200715060546-add-clinic-info
20200715064727-set-invoiceno-optional
20200821064057-permissions
20200821080237-change-default-value