# Prisma Migrate lockfile v1

20200911101639-init
20200911102154-set-appt-date-not-unique
20200915161934-add-avatar
20200915213331-add-urgent-appt-price
20200918195347-create-notification-table
20200918203317-add-viewed-to-notification
20200918213535-set-notification-date-default-value
20200918232329-add-position
20200919220845-events
20200919225321-add-user-id-to-events
20200926125753-add-more-info-to-static-info
20200928005948-add-session-type-to-appointments
20200928091751-add-notes-to-appointment
20200928212447-add-sessions-to-clinic